// !$*UTF8*$!
{
	archiveVersion = 1;
	classes = {
	};
	objectVersion = 50;
	objects = {

/* Begin PBXBuildFile section */
		557A1C5E268CBF380037A5B9 /* AppDelegate.swift in Sources */ = {isa = PBXBuildFile; fileRef = 557A1C5D268CBF380037A5B9 /* AppDelegate.swift */; };
		557A1C60268CBF380037A5B9 /* SceneDelegate.swift in Sources */ = {isa = PBXBuildFile; fileRef = 557A1C5F268CBF380037A5B9 /* SceneDelegate.swift */; };
		557A1C62268CBF380037A5B9 /* MainViewController.swift in Sources */ = {isa = PBXBuildFile; fileRef = 557A1C61268CBF380037A5B9 /* MainViewController.swift */; };
		557A1C65268CBF380037A5B9 /* Main.storyboard in Resources */ = {isa = PBXBuildFile; fileRef = 557A1C63268CBF380037A5B9 /* Main.storyboard */; };
		557A1C67268CBF3A0037A5B9 /* Assets.xcassets in Resources */ = {isa = PBXBuildFile; fileRef = 557A1C66268CBF3A0037A5B9 /* Assets.xcassets */; };
		557A1C6A268CBF3A0037A5B9 /* LaunchScreen.storyboard in Resources */ = {isa = PBXBuildFile; fileRef = 557A1C68268CBF3A0037A5B9 /* LaunchScreen.storyboard */; };
		557A1C75268CBF3A0037A5B9 /* My_Pitch_PerfectTests.swift in Sources */ = {isa = PBXBuildFile; fileRef = 557A1C74268CBF3A0037A5B9 /* My_Pitch_PerfectTests.swift */; };
		557A1C80268CBF3A0037A5B9 /* My_Pitch_PerfectUITests.swift in Sources */ = {isa = PBXBuildFile; fileRef = 557A1C7F268CBF3A0037A5B9 /* My_Pitch_PerfectUITests.swift */; };
		557A1C8F268CCCAF0037A5B9 /* OptionsViewController.swift in Sources */ = {isa = PBXBuildFile; fileRef = 557A1C8E268CCCAF0037A5B9 /* OptionsViewController.swift */; };
		5583BB3F268D1A6400937E42 /* ExtensionOptionsViewController.swift in Sources */ = {isa = PBXBuildFile; fileRef = 5583BB3E268D1A6400937E42 /* ExtensionOptionsViewController.swift */; };
/* End PBXBuildFile section */

/* Begin PBXContainerItemProxy section */
		557A1C71268CBF3A0037A5B9 /* PBXContainerItemProxy */ = {
			isa = PBXContainerItemProxy;
			containerPortal = 557A1C52268CBF380037A5B9 /* Project object */;
			proxyType = 1;
			remoteGlobalIDString = 557A1C59268CBF380037A5B9;
			remoteInfo = "My Pitch Perfect";
		};
		557A1C7C268CBF3A0037A5B9 /* PBXContainerItemProxy */ = {
			isa = PBXContainerItemProxy;
			containerPortal = 557A1C52268CBF380037A5B9 /* Project object */;
			proxyType = 1;
			remoteGlobalIDString = 557A1C59268CBF380037A5B9;
			remoteInfo = "My Pitch Perfect";
		};
/* End PBXContainerItemProxy section */

/* Begin PBXFileReference section */
		557A1C5A268CBF380037A5B9 /* My Pitch Perfect.app */ = {isa = PBXFileReference; explicitFileType = wrapper.application; includeInIndex = 0; path = "My Pitch Perfect.app"; sourceTree = BUILT_PRODUCTS_DIR; };
		557A1C5D268CBF380037A5B9 /* AppDelegate.swift */ = {isa = PBXFileReference; lastKnownFileType = sourcecode.swift; path = AppDelegate.swift; sourceTree = "<group>"; };
		557A1C5F268CBF380037A5B9 /* SceneDelegate.swift */ = {isa = PBXFileReference; lastKnownFileType = sourcecode.swift; path = SceneDelegate.swift; sourceTree = "<group>"; };
		557A1C61268CBF380037A5B9 /* MainViewController.swift */ = {isa = PBXFileReference; lastKnownFileType = sourcecode.swift; path = MainViewController.swift; sourceTree = "<group>"; };
		557A1C64268CBF380037A5B9 /* Base */ = {isa = PBXFileReference; lastKnownFileType = file.storyboard; name = Base; path = Base.lproj/Main.storyboard; sourceTree = "<group>"; };
		557A1C66268CBF3A0037A5B9 /* Assets.xcassets */ = {isa = PBXFileReference; lastKnownFileType = folder.assetcatalog; path = Assets.xcassets; sourceTree = "<group>"; };
		557A1C69268CBF3A0037A5B9 /* Base */ = {isa = PBXFileReference; lastKnownFileType = file.storyboard; name = Base; path = Base.lproj/LaunchScreen.storyboard; sourceTree = "<group>"; };
		557A1C6B268CBF3A0037A5B9 /* Info.plist */ = {isa = PBXFileReference; lastKnownFileType = text.plist.xml; path = Info.plist; sourceTree = "<group>"; };
		557A1C70268CBF3A0037A5B9 /* My Pitch PerfectTests.xctest */ = {isa = PBXFileReference; explicitFileType = wrapper.cfbundle; includeInIndex = 0; path = "My Pitch PerfectTests.xctest"; sourceTree = BUILT_PRODUCTS_DIR; };
		557A1C74268CBF3A0037A5B9 /* My_Pitch_PerfectTests.swift */ = {isa = PBXFileReference; lastKnownFileType = sourcecode.swift; path = My_Pitch_PerfectTests.swift; sourceTree = "<group>"; };
		557A1C76268CBF3A0037A5B9 /* Info.plist */ = {isa = PBXFileReference; lastKnownFileType = text.plist.xml; path = Info.plist; sourceTree = "<group>"; };
		557A1C7B268CBF3A0037A5B9 /* My Pitch PerfectUITests.xctest */ = {isa = PBXFileReference; explicitFileType = wrapper.cfbundle; includeInIndex = 0; path = "My Pitch PerfectUITests.xctest"; sourceTree = BUILT_PRODUCTS_DIR; };
		557A1C7F268CBF3A0037A5B9 /* My_Pitch_PerfectUITests.swift */ = {isa = PBXFileReference; lastKnownFileType = sourcecode.swift; path = My_Pitch_PerfectUITests.swift; sourceTree = "<group>"; };
		557A1C81268CBF3A0037A5B9 /* Info.plist */ = {isa = PBXFileReference; lastKnownFileType = text.plist.xml; path = Info.plist; sourceTree = "<group>"; };
		557A1C8E268CCCAF0037A5B9 /* OptionsViewController.swift */ = {isa = PBXFileReference; lastKnownFileType = sourcecode.swift; path = OptionsViewController.swift; sourceTree = "<group>"; };
		5583BB3E268D1A6400937E42 /* ExtensionOptionsViewController.swift */ = {isa = PBXFileReference; lastKnownFileType = sourcecode.swift; path = ExtensionOptionsViewController.swift; sourceTree = "<group>"; };
/* End PBXFileReference section */

/* Begin PBXFrameworksBuildPhase section */
		557A1C57268CBF380037A5B9 /* Frameworks */ = {
			isa = PBXFrameworksBuildPhase;
			buildActionMask = 2147483647;
			files = (
			);
			runOnlyForDeploymentPostprocessing = 0;
		};
		557A1C6D268CBF3A0037A5B9 /* Frameworks */ = {
			isa = PBXFrameworksBuildPhase;
			buildActionMask = 2147483647;
			files = (
			);
			runOnlyForDeploymentPostprocessing = 0;
		};
		557A1C78268CBF3A0037A5B9 /* Frameworks */ = {
			isa = PBXFrameworksBuildPhase;
			buildActionMask = 2147483647;
			files = (
			);
			runOnlyForDeploymentPostprocessing = 0;
		};
/* End PBXFrameworksBuildPhase section */

/* Begin PBXGroup section */
		557A1C51268CBF380037A5B9 = {
			isa = PBXGroup;
			children = (
				557A1C5C268CBF380037A5B9 /* My Pitch Perfect */,
				557A1C73268CBF3A0037A5B9 /* My Pitch PerfectTests */,
				557A1C7E268CBF3A0037A5B9 /* My Pitch PerfectUITests */,
				557A1C5B268CBF380037A5B9 /* Products */,
			);
			sourceTree = "<group>";
		};
		557A1C5B268CBF380037A5B9 /* Products */ = {
			isa = PBXGroup;
			children = (
				557A1C5A268CBF380037A5B9 /* My Pitch Perfect.app */,
				557A1C70268CBF3A0037A5B9 /* My Pitch PerfectTests.xctest */,
				557A1C7B268CBF3A0037A5B9 /* My Pitch PerfectUITests.xctest */,
			);
			name = Products;
			sourceTree = "<group>";
		};
		557A1C5C268CBF380037A5B9 /* My Pitch Perfect */ = {
			isa = PBXGroup;
			children = (
				557A1C8D268CCC1F0037A5B9 /* Controller */,
				557A1C90268CD4FE0037A5B9 /* View */,
				557A1C6B268CBF3A0037A5B9 /* Info.plist */,
			);
			path = "My Pitch Perfect";
			sourceTree = "<group>";
		};
		557A1C73268CBF3A0037A5B9 /* My Pitch PerfectTests */ = {
			isa = PBXGroup;
			children = (
				557A1C74268CBF3A0037A5B9 /* My_Pitch_PerfectTests.swift */,
				557A1C76268CBF3A0037A5B9 /* Info.plist */,
			);
			path = "My Pitch PerfectTests";
			sourceTree = "<group>";
		};
		557A1C7E268CBF3A0037A5B9 /* My Pitch PerfectUITests */ = {
			isa = PBXGroup;
			children = (
				557A1C7F268CBF3A0037A5B9 /* My_Pitch_PerfectUITests.swift */,
				557A1C81268CBF3A0037A5B9 /* Info.plist */,
			);
			path = "My Pitch PerfectUITests";
			sourceTree = "<group>";
		};
		557A1C8D268CCC1F0037A5B9 /* Controller */ = {
			isa = PBXGroup;
			children = (
				557A1C5D268CBF380037A5B9 /* AppDelegate.swift */,
				557A1C5F268CBF380037A5B9 /* SceneDelegate.swift */,
				557A1C61268CBF380037A5B9 /* MainViewController.swift */,
				557A1C8E268CCCAF0037A5B9 /* OptionsViewController.swift */,
				5583BB3E268D1A6400937E42 /* ExtensionOptionsViewController.swift */,
			);
			path = Controller;
			sourceTree = "<group>";
		};
		557A1C90268CD4FE0037A5B9 /* View */ = {
			isa = PBXGroup;
			children = (
				557A1C63268CBF380037A5B9 /* Main.storyboard */,
				557A1C66268CBF3A0037A5B9 /* Assets.xcassets */,
				557A1C68268CBF3A0037A5B9 /* LaunchScreen.storyboard */,
			);
			path = View;
			sourceTree = "<group>";
		};
/* End PBXGroup section */

/* Begin PBXNativeTarget section */
		557A1C59268CBF380037A5B9 /* My Pitch Perfect */ = {
			isa = PBXNativeTarget;
			buildConfigurationList = 557A1C84268CBF3A0037A5B9 /* Build configuration list for PBXNativeTarget "My Pitch Perfect" */;
			buildPhases = (
				557A1C56268CBF380037A5B9 /* Sources */,
				557A1C57268CBF380037A5B9 /* Frameworks */,
				557A1C58268CBF380037A5B9 /* Resources */,
			);
			buildRules = (
			);
			dependencies = (
			);
			name = "My Pitch Perfect";
			productName = "My Pitch Perfect";
			productReference = 557A1C5A268CBF380037A5B9 /* My Pitch Perfect.app */;
			productType = "com.apple.product-type.application";
		};
		557A1C6F268CBF3A0037A5B9 /* My Pitch PerfectTests */ = {
			isa = PBXNativeTarget;
			buildConfigurationList = 557A1C87268CBF3A0037A5B9 /* Build configuration list for PBXNativeTarget "My Pitch PerfectTests" */;
			buildPhases = (
				557A1C6C268CBF3A0037A5B9 /* Sources */,
				557A1C6D268CBF3A0037A5B9 /* Frameworks */,
				557A1C6E268CBF3A0037A5B9 /* Resources */,
			);
			buildRules = (
			);
			dependencies = (
				557A1C72268CBF3A0037A5B9 /* PBXTargetDependency */,
			);
			name = "My Pitch PerfectTests";
			productName = "My Pitch PerfectTests";
			productReference = 557A1C70268CBF3A0037A5B9 /* My Pitch PerfectTests.xctest */;
			productType = "com.apple.product-type.bundle.unit-test";
		};
		557A1C7A268CBF3A0037A5B9 /* My Pitch PerfectUITests */ = {
			isa = PBXNativeTarget;
			buildConfigurationList = 557A1C8A268CBF3A0037A5B9 /* Build configuration list for PBXNativeTarget "My Pitch PerfectUITests" */;
			buildPhases = (
				557A1C77268CBF3A0037A5B9 /* Sources */,
				557A1C78268CBF3A0037A5B9 /* Frameworks */,
				557A1C79268CBF3A0037A5B9 /* Resources */,
			);
			buildRules = (
			);
			dependencies = (
				557A1C7D268CBF3A0037A5B9 /* PBXTargetDependency */,
			);
			name = "My Pitch PerfectUITests";
			productName = "My Pitch PerfectUITests";
			productReference = 557A1C7B268CBF3A0037A5B9 /* My Pitch PerfectUITests.xctest */;
			productType = "com.apple.product-type.bundle.ui-testing";
		};
/* End PBXNativeTarget section */

/* Begin PBXProject section */
		557A1C52268CBF380037A5B9 /* Project object */ = {
			isa = PBXProject;
			attributes = {
				LastSwiftUpdateCheck = 1250;
				LastUpgradeCheck = 1250;
				TargetAttributes = {
					557A1C59268CBF380037A5B9 = {
						CreatedOnToolsVersion = 12.5.1;
					};
					557A1C6F268CBF3A0037A5B9 = {
						CreatedOnToolsVersion = 12.5.1;
						TestTargetID = 557A1C59268CBF380037A5B9;
					};
					557A1C7A268CBF3A0037A5B9 = {
						CreatedOnToolsVersion = 12.5.1;
						TestTargetID = 557A1C59268CBF380037A5B9;
					};
				};
			};
			buildConfigurationList = 557A1C55268CBF380037A5B9 /* Build configuration list for PBXProject "My Pitch Perfect" */;
			compatibilityVersion = "Xcode 9.3";
			developmentRegion = en;
			hasScannedForEncodings = 0;
			knownRegions = (
				en,
				Base,
			);
			mainGroup = 557A1C51268CBF380037A5B9;
			productRefGroup = 557A1C5B268CBF380037A5B9 /* Products */;
			projectDirPath = "";
			projectRoot = "";
			targets = (
				557A1C59268CBF380037A5B9 /* My Pitch Perfect */,
				557A1C6F268CBF3A0037A5B9 /* My Pitch PerfectTests */,
				557A1C7A268CBF3A0037A5B9 /* My Pitch PerfectUITests */,
			);
		};
/* End PBXProject section */

/* Begin PBXResourcesBuildPhase section */
		557A1C58268CBF380037A5B9 /* Resources */ = {
			isa = PBXResourcesBuildPhase;
			buildActionMask = 2147483647;
			files = (
				557A1C6A268CBF3A0037A5B9 /* LaunchScreen.storyboard in Resources */,
				557A1C67268CBF3A0037A5B9 /* Assets.xcassets in Resources */,
				557A1C65268CBF380037A5B9 /* Main.storyboard in Resources */,
			);
			runOnlyForDeploymentPostprocessing = 0;
		};
		557A1C6E268CBF3A0037A5B9 /* Resources */ = {
			isa = PBXResourcesBuildPhase;
			buildActionMask = 2147483647;
			files = (
			);
			runOnlyForDeploymentPostprocessing = 0;
		};
		557A1C79268CBF3A0037A5B9 /* Resources */ = {
			isa = PBXResourcesBuildPhase;
			buildActionMask = 2147483647;
			files = (
			);
			runOnlyForDeploymentPostprocessing = 0;
		};
/* End PBXResourcesBuildPhase section */

/* Begin PBXSourcesBuildPhase section */
		557A1C56268CBF380037A5B9 /* Sources */ = {
			isa = PBXSourcesBuildPhase;
			buildActionMask = 2147483647;
			files = (
				557A1C62268CBF380037A5B9 /* MainViewController.swift in Sources */,
				5583BB3F268D1A6400937E42 /* ExtensionOptionsViewController.swift in Sources */,
				557A1C8F268CCCAF0037A5B9 /* OptionsViewController.swift in Sources */,
				557A1C5E268CBF380037A5B9 /* AppDelegate.swift in Sources */,
				557A1C60268CBF380037A5B9 /* SceneDelegate.swift in Sources */,
			);
			runOnlyForDeploymentPostprocessing = 0;
		};
		557A1C6C268CBF3A0037A5B9 /* Sources */ = {
			isa = PBXSourcesBuildPhase;
			buildActionMask = 2147483647;
			files = (
				557A1C75268CBF3A0037A5B9 /* My_Pitch_PerfectTests.swift in Sources */,
			);
			runOnlyForDeploymentPostprocessing = 0;
		};
		557A1C77268CBF3A0037A5B9 /* Sources */ = {
			isa = PBXSourcesBuildPhase;
			buildActionMask = 2147483647;
			files = (
				557A1C80268CBF3A0037A5B9 /* My_Pitch_PerfectUITests.swift in Sources */,
			);
			runOnlyForDeploymentPostprocessing = 0;
		};
/* End PBXSourcesBuildPhase section */

/* Begin PBXTargetDependency section */
		557A1C72268CBF3A0037A5B9 /* PBXTargetDependency */ = {
			isa = PBXTargetDependency;
			target = 557A1C59268CBF380037A5B9 /* My Pitch Perfect */;
			targetProxy = 557A1C71268CBF3A0037A5B9 /* PBXContainerItemProxy */;
		};
		557A1C7D268CBF3A0037A5B9 /* PBXTargetDependency */ = {
			isa = PBXTargetDependency;
			target = 557A1C59268CBF380037A5B9 /* My Pitch Perfect */;
			targetProxy = 557A1C7C268CBF3A0037A5B9 /* PBXContainerItemProxy */;
		};
/* End PBXTargetDependency section */

/* Begin PBXVariantGroup section */
		557A1C63268CBF380037A5B9 /* Main.storyboard */ = {
			isa = PBXVariantGroup;
			children = (
				557A1C64268CBF380037A5B9 /* Base */,
			);
			name = Main.storyboard;
			sourceTree = "<group>";
		};
		557A1C68268CBF3A0037A5B9 /* LaunchScreen.storyboard */ = {
			isa = PBXVariantGroup;
			children = (
				557A1C69268CBF3A0037A5B9 /* Base */,
			);
			name = LaunchScreen.storyboard;
			sourceTree = "<group>";
		};
/* End PBXVariantGroup section */

/* Begin XCBuildConfiguration section */
		557A1C82268CBF3A0037A5B9 /* Debug */ = {
			isa = XCBuildConfiguration;
			buildSettings = {
				ALWAYS_SEARCH_USER_PATHS = NO;
				CLANG_ANALYZER_NONNULL = YES;
				CLANG_ANALYZER_NUMBER_OBJECT_CONVERSION = YES_AGGRESSIVE;
				CLANG_CXX_LANGUAGE_STANDARD = "gnu++14";
				CLANG_CXX_LIBRARY = "libc++";
				CLANG_ENABLE_MODULES = YES;
				CLANG_ENABLE_OBJC_ARC = YES;
				CLANG_ENABLE_OBJC_WEAK = YES;
				CLANG_WARN_BLOCK_CAPTURE_AUTORELEASING = YES;
				CLANG_WARN_BOOL_CONVERSION = YES;
				CLANG_WARN_COMMA = YES;
				CLANG_WARN_CONSTANT_CONVERSION = YES;
				CLANG_WARN_DEPRECATED_OBJC_IMPLEMENTATIONS = YES;
				CLANG_WARN_DIRECT_OBJC_ISA_USAGE = YES_ERROR;
				CLANG_WARN_DOCUMENTATION_COMMENTS = YES;
				CLANG_WARN_EMPTY_BODY = YES;
				CLANG_WARN_ENUM_CONVERSION = YES;
				CLANG_WARN_INFINITE_RECURSION = YES;
				CLANG_WARN_INT_CONVERSION = YES;
				CLANG_WARN_NON_LITERAL_NULL_CONVERSION = YES;
				CLANG_WARN_OBJC_IMPLICIT_RETAIN_SELF = YES;
				CLANG_WARN_OBJC_LITERAL_CONVERSION = YES;
				CLANG_WARN_OBJC_ROOT_CLASS = YES_ERROR;
				CLANG_WARN_QUOTED_INCLUDE_IN_FRAMEWORK_HEADER = YES;
				CLANG_WARN_RANGE_LOOP_ANALYSIS = YES;
				CLANG_WARN_STRICT_PROTOTYPES = YES;
				CLANG_WARN_SUSPICIOUS_MOVE = YES;
				CLANG_WARN_UNGUARDED_AVAILABILITY = YES_AGGRESSIVE;
				CLANG_WARN_UNREACHABLE_CODE = YES;
				CLANG_WARN__DUPLICATE_METHOD_MATCH = YES;
				COPY_PHASE_STRIP = NO;
				DEBUG_INFORMATION_FORMAT = dwarf;
				ENABLE_STRICT_OBJC_MSGSEND = YES;
				ENABLE_TESTABILITY = YES;
				GCC_C_LANGUAGE_STANDARD = gnu11;
				GCC_DYNAMIC_NO_PIC = NO;
				GCC_NO_COMMON_BLOCKS = YES;
				GCC_OPTIMIZATION_LEVEL = 0;
				GCC_PREPROCESSOR_DEFINITIONS = (
					"DEBUG=1",
					"$(inherited)",
				);
				GCC_WARN_64_TO_32_BIT_CONVERSION = YES;
				GCC_WARN_ABOUT_RETURN_TYPE = YES_ERROR;
				GCC_WARN_UNDECLARED_SELECTOR = YES;
				GCC_WARN_UNINITIALIZED_AUTOS = YES_AGGRESSIVE;
				GCC_WARN_UNUSED_FUNCTION = YES;
				GCC_WARN_UNUSED_VARIABLE = YES;
				IPHONEOS_DEPLOYMENT_TARGET = 14.5;
				MTL_ENABLE_DEBUG_INFO = INCLUDE_SOURCE;
				MTL_FAST_MATH = YES;
				ONLY_ACTIVE_ARCH = YES;
				SDKROOT = iphoneos;
				SWIFT_ACTIVE_COMPILATION_CONDITIONS = DEBUG;
				SWIFT_OPTIMIZATION_LEVEL = "-Onone";
			};
			name = Debug;
		};
		557A1C83268CBF3A0037A5B9 /* Release */ = {
			isa = XCBuildConfiguration;
			buildSettings = {
				ALWAYS_SEARCH_USER_PATHS = NO;
				CLANG_ANALYZER_NONNULL = YES;
				CLANG_ANALYZER_NUMBER_OBJECT_CONVERSION = YES_AGGRESSIVE;
				CLANG_CXX_LANGUAGE_STANDARD = "gnu++14";
				CLANG_CXX_LIBRARY = "libc++";
				CLANG_ENABLE_MODULES = YES;
				CLANG_ENABLE_OBJC_ARC = YES;
				CLANG_ENABLE_OBJC_WEAK = YES;
				CLANG_WARN_BLOCK_CAPTURE_AUTORELEASING = YES;
				CLANG_WARN_BOOL_CONVERSION = YES;
				CLANG_WARN_COMMA = YES;
				CLANG_WARN_CONSTANT_CONVERSION = YES;
				CLANG_WARN_DEPRECATED_OBJC_IMPLEMENTATIONS = YES;
				CLANG_WARN_DIRECT_OBJC_ISA_USAGE = YES_ERROR;
				CLANG_WARN_DOCUMENTATION_COMMENTS = YES;
				CLANG_WARN_EMPTY_BODY = YES;
				CLANG_WARN_ENUM_CONVERSION = YES;
				CLANG_WARN_INFINITE_RECURSION = YES;
				CLANG_WARN_INT_CONVERSION = YES;
				CLANG_WARN_NON_LITERAL_NULL_CONVERSION = YES;
				CLANG_WARN_OBJC_IMPLICIT_RETAIN_SELF = YES;
				CLANG_WARN_OBJC_LITERAL_CONVERSION = YES;
				CLANG_WARN_OBJC_ROOT_CLASS = YES_ERROR;
				CLANG_WARN_QUOTED_INCLUDE_IN_FRAMEWORK_HEADER = YES;
				CLANG_WARN_RANGE_LOOP_ANALYSIS = YES;
				CLANG_WARN_STRICT_PROTOTYPES = YES;
				CLANG_WARN_SUSPICIOUS_MOVE = YES;
				CLANG_WARN_UNGUARDED_AVAILABILITY = YES_AGGRESSIVE;
				CLANG_WARN_UNREACHABLE_CODE = YES;
				CLANG_WARN__DUPLICATE_METHOD_MATCH = YES;
				COPY_PHASE_STRIP = NO;
				DEBUG_INFORMATION_FORMAT = "dwarf-with-dsym";
				ENABLE_NS_ASSERTIONS = NO;
				ENABLE_STRICT_OBJC_MSGSEND = YES;
				GCC_C_LANGUAGE_STANDARD = gnu11;
				GCC_NO_COMMON_BLOCKS = YES;
				GCC_WARN_64_TO_32_BIT_CONVERSION = YES;
				GCC_WARN_ABOUT_RETURN_TYPE = YES_ERROR;
				GCC_WARN_UNDECLARED_SELECTOR = YES;
				GCC_WARN_UNINITIALIZED_AUTOS = YES_AGGRESSIVE;
				GCC_WARN_UNUSED_FUNCTION = YES;
				GCC_WARN_UNUSED_VARIABLE = YES;
				IPHONEOS_DEPLOYMENT_TARGET = 14.5;
				MTL_ENABLE_DEBUG_INFO = NO;
				MTL_FAST_MATH = YES;
				SDKROOT = iphoneos;
				SWIFT_COMPILATION_MODE = wholemodule;
				SWIFT_OPTIMIZATION_LEVEL = "-O";
				VALIDATE_PRODUCT = YES;
			};
			name = Release;
		};
		557A1C85268CBF3A0037A5B9 /* Debug */ = {
			isa = XCBuildConfiguration;
			buildSettings = {
				ASSETCATALOG_COMPILER_APPICON_NAME = AppIcon;
				ASSETCATALOG_COMPILER_GLOBAL_ACCENT_COLOR_NAME = AccentColor;
				CODE_SIGN_STYLE = Automatic;
				DEVELOPMENT_TEAM = SAS2UF9Y9D;
				INFOPLIST_FILE = "My Pitch Perfect/Info.plist";
				LD_RUNPATH_SEARCH_PATHS = (
					"$(inherited)",
					"@executable_path/Frameworks",
				);
				PRODUCT_BUNDLE_IDENTIFIER = "kavyajoshi.My-Pitch-Perfect";
				PRODUCT_NAME = "$(TARGET_NAME)";
				SWIFT_VERSION = 5.0;
				TARGETED_DEVICE_FAMILY = "1,2";
			};
			name = Debug;
		};
		557A1C86268CBF3A0037A5B9 /* Release */ = {
			isa = XCBuildConfiguration;
			buildSettings = {
				ASSETCATALOG_COMPILER_APPICON_NAME = AppIcon;
				ASSETCATALOG_COMPILER_GLOBAL_ACCENT_COLOR_NAME = AccentColor;
				CODE_SIGN_STYLE = Automatic;
				DEVELOPMENT_TEAM = SAS2UF9Y9D;
				INFOPLIST_FILE = "My Pitch Perfect/Info.plist";
				LD_RUNPATH_SEARCH_PATHS = (
					"$(inherited)",
					"@executable_path/Frameworks",
				);
				PRODUCT_BUNDLE_IDENTIFIER = "kavyajoshi.My-Pitch-Perfect";
				PRODUCT_NAME = "$(TARGET_NAME)";
				SWIFT_VERSION = 5.0;
				TARGETED_DEVICE_FAMILY = "1,2";
			};
			name = Release;
		};
		557A1C88268CBF3A0037A5B9 /* Debug */ = {
			isa = XCBuildConfiguration;
			buildSettings = {
				ALWAYS_EMBED_SWIFT_STANDARD_LIBRARIES = YES;
				BUNDLE_LOADER = "$(TEST_HOST)";
				CODE_SIGN_STYLE = Automatic;
				DEVELOPMENT_TEAM = SAS2UF9Y9D;
				INFOPLIST_FILE = "My Pitch PerfectTests/Info.plist";
				IPHONEOS_DEPLOYMENT_TARGET = 14.5;
				LD_RUNPATH_SEARCH_PATHS = (
					"$(inherited)",
					"@executable_path/Frameworks",
					"@loader_path/Frameworks",
				);
				PRODUCT_BUNDLE_IDENTIFIER = "kavyajoshi.My-Pitch-PerfectTests";
				PRODUCT_NAME = "$(TARGET_NAME)";
				SWIFT_VERSION = 5.0;
				TARGETED_DEVICE_FAMILY = "1,2";
				TEST_HOST = "$(BUILT_PRODUCTS_DIR)/My Pitch Perfect.app/My Pitch Perfect";
			};
			name = Debug;
		};
		557A1C89268CBF3A0037A5B9 /* Release */ = {
			isa = XCBuildConfiguration;
			buildSettings = {
				ALWAYS_EMBED_SWIFT_STANDARD_LIBRARIES = YES;
				BUNDLE_LOADER = "$(TEST_HOST)";
				CODE_SIGN_STYLE = Automatic;
				DEVELOPMENT_TEAM = SAS2UF9Y9D;
				INFOPLIST_FILE = "My Pitch PerfectTests/Info.plist";
				IPHONEOS_DEPLOYMENT_TARGET = 14.5;
				LD_RUNPATH_SEARCH_PATHS = (
					"$(inherited)",
					"@executable_path/Frameworks",
					"@loader_path/Frameworks",
				);
				PRODUCT_BUNDLE_IDENTIFIER = "kavyajoshi.My-Pitch-PerfectTests";
				PRODUCT_NAME = "$(TARGET_NAME)";
				SWIFT_VERSION = 5.0;
				TARGETED_DEVICE_FAMILY = "1,2";
				TEST_HOST = "$(BUILT_PRODUCTS_DIR)/My Pitch Perfect.app/My Pitch Perfect";
			};
			name = Release;
		};
		557A1C8B268CBF3A0037A5B9 /* Debug */ = {
			isa = XCBuildConfiguration;
			buildSettings = {
				ALWAYS_EMBED_SWIFT_STANDARD_LIBRARIES = YES;
				CODE_SIGN_STYLE = Automatic;
				DEVELOPMENT_TEAM = SAS2UF9Y9D;
				INFOPLIST_FILE = "My Pitch PerfectUITests/Info.plist";
				LD_RUNPATH_SEARCH_PATHS = (
					"$(inherited)",
					"@executable_path/Frameworks",
					"@loader_path/Frameworks",
				);
				PRODUCT_BUNDLE_IDENTIFIER = "kavyajoshi.My-Pitch-PerfectUITests";
				PRODUCT_NAME = "$(TARGET_NAME)";
				SWIFT_VERSION = 5.0;
				TARGETED_DEVICE_FAMILY = "1,2";
				TEST_TARGET_NAME = "My Pitch Perfect";
			};
			name = Debug;
		};
		557A1C8C268CBF3A0037A5B9 /* Release */ = {
			isa = XCBuildConfiguration;
			buildSettings = {
				ALWAYS_EMBED_SWIFT_STANDARD_LIBRARIES = YES;
				CODE_SIGN_STYLE = Automatic;
				DEVELOPMENT_TEAM = SAS2UF9Y9D;
				INFOPLIST_FILE = "My Pitch PerfectUITests/Info.plist";
				LD_RUNPATH_SEARCH_PATHS = (
					"$(inherited)",
					"@executable_path/Frameworks",
					"@loader_path/Frameworks",
				);
				PRODUCT_BUNDLE_IDENTIFIER = "kavyajoshi.My-Pitch-PerfectUITests";
				PRODUCT_NAME = "$(TARGET_NAME)";
				SWIFT_VERSION = 5.0;
				TARGETED_DEVICE_FAMILY = "1,2";
				TEST_TARGET_NAME = "My Pitch Perfect";
			};
			name = Release;
		};
/* End XCBuildConfiguration section */

/* Begin XCConfigurationList section */
		557A1C55268CBF380037A5B9 /* Build configuration list for PBXProject "My Pitch Perfect" */ = {
			isa = XCConfigurationList;
			buildConfigurations = (
				557A1C82268CBF3A0037A5B9 /* Debug */,
				557A1C83268CBF3A0037A5B9 /* Release */,
			);
			defaultConfigurationIsVisible = 0;
			defaultConfigurationName = Release;
		};
		557A1C84268CBF3A0037A5B9 /* Build configuration list for PBXNativeTarget "My Pitch Perfect" */ = {
			isa = XCConfigurationList;
			buildConfigurations = (
				557A1C85268CBF3A0037A5B9 /* Debug */,
				557A1C86268CBF3A0037A5B9 /* Release */,
			);
			defaultConfigurationIsVisible = 0;
			defaultConfigurationName = Release;
		};
		557A1C87268CBF3A0037A5B9 /* Build configuration list for PBXNativeTarget "My Pitch PerfectTests" */ = {
			isa = XCConfigurationList;
			buildConfigurations = (
				557A1C88268CBF3A0037A5B9 /* Debug */,
				557A1C89268CBF3A0037A5B9 /* Release */,
			);
			defaultConfigurationIsVisible = 0;
			defaultConfigurationName = Release;
		};
		557A1C8A268CBF3A0037A5B9 /* Build configuration list for PBXNativeTarget "My Pitch PerfectUITests" */ = {
			isa = XCConfigurationList;
			buildConfigurations = (
				557A1C8B268CBF3A0037A5B9 /* Debug */,
				557A1C8C268CBF3A0037A5B9 /* Release */,
			);
			defaultConfigurationIsVisible = 0;
			defaultConfigurationName = Release;
		};
/* End XCConfigurationList section */
	};
	rootObject = 557A1C52268CBF380037A5B9 /* Project object */;
}
